<?xml version="1.0" encoding="utf-8"?>
<Project ToolsVersion="4.0" xmlns="http://schemas.microsoft.com/developer/msbuild/2003">
  <ItemGroup>
    <Filter Include="Source Files">
      <UniqueIdentifier>{4FC737F1-C7A5-4376-A066-2A32D752A2FF}</UniqueIdentifier>
      <Extensions>cpp;c;cc;cxx;def;odl;idl;hpj;bat;asm;asmx</Extensions>
    </Filter>
    <Filter Include="Header Files">
      <UniqueIdentifier>{93995380-89BD-4b04-88EB-625FBE52EBFB}</UniqueIdentifier>
      <Extensions>h;hh;hpp;hxx;hm;inl;inc;xsd</Extensions>
    </Filter>
    <Filter Include="Resource Files">
      <UniqueIdentifier>{67DA6AB6-F800-4c08-8B7A-83BB121AAD01}</UniqueIdentifier>
      <Extensions>rc;ico;cur;bmp;dlg;rc2;rct;bin;rgs;gif;jpg;jpeg;jpe;resx;tiff;tif;png;wav;mfcribbon-ms</Extensions>
    </Filter>
    <Filter Include="Source Files\Graphics">
      <UniqueIdentifier>{7a6032b5-b47e-4e6a-8d43-c5d21ac2f03a}</UniqueIdentifier>
    </Filter>
    <Filter Include="Source Files\Graphics\OpenGL">
      <UniqueIdentifier>{fd54c093-b1a8-4285-b82c-6699bd00ccb6}</UniqueIdentifier>
    </Filter>
    <Filter Include="Header Files\Graphics">
      <UniqueIdentifier>{171dd2e2-f9d9-4b5d-a2e5-a53ba1aaa9e1}</UniqueIdentifier>
    </Filter>
    <Filter Include="Header Files\Graphics\OpenGL">
      <UniqueIdentifier>{3595b425-aebf-46cc-ac96-84a673e6e721}</UniqueIdentifier>
    </Filter>
    <Filter Include="Header Files\Main">
      <UniqueIdentifier>{5e2af075-47b7-4404-91f4-adcdb075f61a}</UniqueIdentifier>
    </Filter>
    <Filter Include="Header Files\Graphics\Windowing">
      <UniqueIdentifier>{9bcb2341-9c2a-436f-a168-5fcef3b4522a}</UniqueIdentifier>
    </Filter>
    <Filter Include="Source Files\Main">
      <UniqueIdentifier>{8b24cb6e-7ae3-4705-8955-9f6254b15e27}</UniqueIdentifier>
    </Filter>
    <Filter Include="Source Files\Graphics\Windowing">
      <UniqueIdentifier>{627c7866-c424-4799-b0dc-4163ccd6edf5}</UniqueIdentifier>
    </Filter>
    <Filter Include="Header Files\Graphics\OpenGL\Buffers">
      <UniqueIdentifier>{af98ea2f-eecc-4693-b96f-c1f9ecc1f85a}</UniqueIdentifier>
    </Filter>
    <Filter Include="Source Files\Graphics\OpenGL\Buffers">
      <UniqueIdentifier>{7ab7610d-0f06-45f3-9039-4016062559c8}</UniqueIdentifier>
    </Filter>
    <Filter Include="Header Files\Graphics\OpenGL\Layers">
      <UniqueIdentifier>{baa43511-6599-4778-b90c-463eef6e3658}</UniqueIdentifier>
    </Filter>
    <Filter Include="Source Files\Graphics\OpenGL\Layers">
      <UniqueIdentifier>{44f84bdf-be20-49a5-acca-9a79f3a5753b}</UniqueIdentifier>
    </Filter>
  </ItemGroup>
  <ItemGroup>
    <ClCompile Include="main.cpp">
      <Filter>Source Files</Filter>
    </ClCompile>
    <ClCompile Include="Shader.cpp">
      <Filter>Source Files\Graphics\OpenGL</Filter>
    </ClCompile>
    <ClCompile Include="ShaderProgram.cpp">
      <Filter>Source Files\Graphics\OpenGL</Filter>
    </ClCompile>
    <ClCompile Include="Renderable2D.cpp">
      <Filter>Source Files\Graphics\OpenGL</Filter>
    </ClCompile>
    <ClCompile Include="Renderer2D.cpp">
      <Filter>Source Files\Graphics\OpenGL</Filter>
    </ClCompile>
    <ClCompile Include="Simple2DRenderer.cpp">
      <Filter>Source Files\Graphics\OpenGL</Filter>
    </ClCompile>
    <ClCompile Include="Sprite.cpp">
      <Filter>Source Files\Graphics\OpenGL</Filter>
    </ClCompile>
    <ClCompile Include="Batch2DRenderer.cpp">
      <Filter>Source Files\Graphics\OpenGL</Filter>
    </ClCompile>
    <ClCompile Include="StaticSprite.cpp">
      <Filter>Source Files\Graphics\OpenGL</Filter>
    </ClCompile>
    <ClCompile Include="Texture.cpp">
      <Filter>Source Files\Graphics\OpenGL</Filter>
    </ClCompile>
    <ClCompile Include="Timer.cpp">
      <Filter>Source Files\Main</Filter>
    </ClCompile>
    <ClCompile Include="LogManager.cpp">
      <Filter>Source Files\Main</Filter>
    </ClCompile>
    <ClCompile Include="MainCore.cpp">
      <Filter>Source Files\Main</Filter>
    </ClCompile>
    <ClCompile Include="FileManager.cpp">
      <Filter>Source Files\Main</Filter>
    </ClCompile>
    <ClCompile Include="GLFWWindow.cpp">
      <Filter>Source Files\Graphics\Windowing</Filter>
    </ClCompile>
    <ClCompile Include="SDLWindow.cpp">
      <Filter>Source Files\Graphics\Windowing</Filter>
    </ClCompile>
    <ClCompile Include="Window.cpp">
      <Filter>Source Files\Graphics\Windowing</Filter>
    </ClCompile>
    <ClCompile Include="IndexBufferObject.cpp">
      <Filter>Source Files\Graphics\OpenGL\Buffers</Filter>
    </ClCompile>
    <ClCompile Include="Buffer.cpp">
      <Filter>Source Files\Graphics\OpenGL\Buffers</Filter>
    </ClCompile>
    <ClCompile Include="VertexArrayObject.cpp">
      <Filter>Source Files\Graphics\OpenGL\Buffers</Filter>
    </ClCompile>
    <ClCompile Include="VertexBufferObject.cpp">
      <Filter>Source Files\Graphics\OpenGL\Buffers</Filter>
    </ClCompile>
    <ClCompile Include="Win32Timer.cpp">
      <Filter>Source Files\Main</Filter>
    </ClCompile>
  </ItemGroup>
  <ItemGroup>
    <ClInclude Include="Shader.h">
      <Filter>Header Files\Graphics\OpenGL</Filter>
    </ClInclude>
    <ClInclude Include="ShaderProgram.h">
      <Filter>Header Files\Graphics\OpenGL</Filter>
    </ClInclude>
    <ClInclude Include="Renderable2D.h">
      <Filter>Header Files\Graphics\OpenGL</Filter>
    </ClInclude>
    <ClInclude Include="Renderer2D.h">
      <Filter>Header Files\Graphics\OpenGL</Filter>
    </ClInclude>
    <ClInclude Include="Simple2DRenderer.h">
      <Filter>Header Files\Graphics\OpenGL</Filter>
    </ClInclude>
    <ClInclude Include="Sprite.h">
      <Filter>Header Files\Graphics\OpenGL</Filter>
    </ClInclude>
    <ClInclude Include="Batch2DRenderer.h">
      <Filter>Header Files\Graphics\OpenGL</Filter>
    </ClInclude>
    <ClInclude Include="StaticSprite.h">
      <Filter>Header Files\Graphics\OpenGL</Filter>
    </ClInclude>
    <ClInclude Include="Texture.h">
      <Filter>Header Files\Graphics\OpenGL</Filter>
    </ClInclude>
    <ClInclude Include="MainCore.h">
      <Filter>Header Files\Main</Filter>
    </ClInclude>
    <ClInclude Include="SDLWindow.h">
      <Filter>Header Files\Graphics\Windowing</Filter>
    </ClInclude>
    <ClInclude Include="Window.h">
      <Filter>Header Files\Graphics\Windowing</Filter>
    </ClInclude>
    <ClInclude Include="GLFWWindow.h">
      <Filter>Header Files\Graphics\Windowing</Filter>
    </ClInclude>
    <ClInclude Include="LogManager.h">
      <Filter>Header Files\Main</Filter>
    </ClInclude>
    <ClInclude Include="FileManager.h">
      <Filter>Header Files\Main</Filter>
    </ClInclude>
    <ClInclude Include="Prerequisites.h">
      <Filter>Header Files\Main</Filter>
    </ClInclude>
    <ClInclude Include="Singleton.h">
      <Filter>Header Files\Main</Filter>
    </ClInclude>
    <ClInclude Include="StandardHeaders.h">
      <Filter>Header Files\Main</Filter>
    </ClInclude>
    <ClInclude Include="Timer.h">
      <Filter>Header Files\Main</Filter>
    </ClInclude>
    <ClInclude Include="Buffer.h">
      <Filter>Header Files\Graphics\OpenGL\Buffers</Filter>
    </ClInclude>
    <ClInclude Include="IndexBufferObject.h">
      <Filter>Header Files\Graphics\OpenGL\Buffers</Filter>
    </ClInclude>
    <ClInclude Include="VertexArrayObject.h">
      <Filter>Header Files\Graphics\OpenGL\Buffers</Filter>
    </ClInclude>
    <ClInclude Include="VertexBufferObject.h">
      <Filter>Header Files\Graphics\OpenGL\Buffers</Filter>
    </ClInclude>
    <ClInclude Include="Factory.h">
      <Filter>Header Files\Main</Filter>
    </ClInclude>
    <ClInclude Include="Platform.h">
      <Filter>Header Files\Main</Filter>
    </ClInclude>
    <ClInclude Include="Win32Timer.h">
      <Filter>Header Files\Main</Filter>
    </ClInclude>
  </ItemGroup>
  <ItemGroup>
    <Text Include="vertex.glsl">
      <Filter>Source Files</Filter>
    </Text>
    <Text Include="frag.glsl">
      <Filter>Source Files</Filter>
    </Text>
  </ItemGroup>
</Project>